// !$*UTF8*$!
{
	archiveVersion = 1;
	classes = {
	};
	objectVersion = 56;
	objects = {

/* Begin PBXBuildFile section */
		0B891678649CF7D48802898C /* libPods-MVVM JobPlanetTests.a in Frameworks */ = {isa = PBXBuildFile; fileRef = DBE9CE98AE6FCBBA5DD58099 /* libPods-MVVM JobPlanetTests.a */; };
		53C11551BAFE4E35B585FB70 /* libPods-MVVM JobPlanetUITests.a in Frameworks */ = {isa = PBXBuildFile; fileRef = 3142F14B23D31589FBF7C3CA /* libPods-MVVM JobPlanetUITests.a */; };
		A20352EE296BED7300F93552 /* SearchViewController.swift in Sources */ = {isa = PBXBuildFile; fileRef = A20352ED296BED7300F93552 /* SearchViewController.swift */; };
		A20352F0296BF80700F93552 /* SearchView.swift in Sources */ = {isa = PBXBuildFile; fileRef = A20352EF296BF80700F93552 /* SearchView.swift */; };
		A20352F2296C165F00F93552 /* Search1TableViewCell.swift in Sources */ = {isa = PBXBuildFile; fileRef = A20352F1296C165F00F93552 /* Search1TableViewCell.swift */; };
		A20352F4296C166600F93552 /* Search2TableViewCell.swift in Sources */ = {isa = PBXBuildFile; fileRef = A20352F3296C166600F93552 /* Search2TableViewCell.swift */; };
		A2099433296A880E0068C06B /* EnterpriseView.xib in Resources */ = {isa = PBXBuildFile; fileRef = A2099432296A880E0068C06B /* EnterpriseView.xib */; };
		A212D7402969730A0080287C /* MainView.swift in Sources */ = {isa = PBXBuildFile; fileRef = A212D73F2969730A0080287C /* MainView.swift */; };
		A212D742296973920080287C /* MainView.xib in Resources */ = {isa = PBXBuildFile; fileRef = A212D741296973920080287C /* MainView.xib */; };
		A212D74429698FAE0080287C /* EmploymentView.swift in Sources */ = {isa = PBXBuildFile; fileRef = A212D74329698FAE0080287C /* EmploymentView.swift */; };
		A212D74629698FBA0080287C /* EnterpriseView.swift in Sources */ = {isa = PBXBuildFile; fileRef = A212D74529698FBA0080287C /* EnterpriseView.swift */; };
		A212D7482969908E0080287C /* EmploymentView.xib in Resources */ = {isa = PBXBuildFile; fileRef = A212D7472969908E0080287C /* EmploymentView.xib */; };
		A266AE0F296AEEBF00C6FE7E /* PaddingLabel.swift in Sources */ = {isa = PBXBuildFile; fileRef = A266AE0E296AEEBF00C6FE7E /* PaddingLabel.swift */; };
		A266AE1C296B0FF500C6FE7E /* EnterpriseTableViewCell.swift in Sources */ = {isa = PBXBuildFile; fileRef = A266AE1A296B0FF500C6FE7E /* EnterpriseTableViewCell.swift */; };
		A266AE1D296B0FF500C6FE7E /* EnterpriseTableViewCell.xib in Resources */ = {isa = PBXBuildFile; fileRef = A266AE1B296B0FF500C6FE7E /* EnterpriseTableViewCell.xib */; };
		A266AE1F296B12D700C6FE7E /* EnterpriseViewModel.swift in Sources */ = {isa = PBXBuildFile; fileRef = A266AE1E296B12D700C6FE7E /* EnterpriseViewModel.swift */; };
		A266AE23296B12FB00C6FE7E /* EnterpriseModel.swift in Sources */ = {isa = PBXBuildFile; fileRef = A266AE22296B12FB00C6FE7E /* EnterpriseModel.swift */; };
		A266AE26296B2ED200C6FE7E /* EnterpriseCollectionViewCell.swift in Sources */ = {isa = PBXBuildFile; fileRef = A266AE24296B2ED200C6FE7E /* EnterpriseCollectionViewCell.swift */; };
		A266AE27296B2ED200C6FE7E /* EnterpriseCollectionViewCell.xib in Resources */ = {isa = PBXBuildFile; fileRef = A266AE25296B2ED200C6FE7E /* EnterpriseCollectionViewCell.xib */; };
		A266AE2A296B304500C6FE7E /* Enterprise2TableViewCell.swift in Sources */ = {isa = PBXBuildFile; fileRef = A266AE28296B304500C6FE7E /* Enterprise2TableViewCell.swift */; };
		A266AE2B296B304500C6FE7E /* Enterprise2TableViewCell.xib in Resources */ = {isa = PBXBuildFile; fileRef = A266AE29296B304500C6FE7E /* Enterprise2TableViewCell.xib */; };
		A266AE2D296BB6A900C6FE7E /* DetailViewController.swift in Sources */ = {isa = PBXBuildFile; fileRef = A266AE2C296BB6A900C6FE7E /* DetailViewController.swift */; };
		A266AE31296BBEE600C6FE7E /* DetailView.swift in Sources */ = {isa = PBXBuildFile; fileRef = A266AE30296BBEE600C6FE7E /* DetailView.swift */; };
		A28FD692296AB502009835D4 /* EmploymentCollectionViewCell.swift in Sources */ = {isa = PBXBuildFile; fileRef = A28FD690296AB502009835D4 /* EmploymentCollectionViewCell.swift */; };
		A28FD693296AB502009835D4 /* EmploymentCollectionViewCell.swift in Sources */ = {isa = PBXBuildFile; fileRef = A28FD690296AB502009835D4 /* EmploymentCollectionViewCell.swift */; };
		A28FD694296AB502009835D4 /* EmploymentCollectionViewCell.swift in Sources */ = {isa = PBXBuildFile; fileRef = A28FD690296AB502009835D4 /* EmploymentCollectionViewCell.swift */; };
		A28FD695296AB502009835D4 /* EmploymentCollectionViewCell.xib in Resources */ = {isa = PBXBuildFile; fileRef = A28FD691296AB502009835D4 /* EmploymentCollectionViewCell.xib */; };
		A28FD696296AB502009835D4 /* EmploymentCollectionViewCell.xib in Resources */ = {isa = PBXBuildFile; fileRef = A28FD691296AB502009835D4 /* EmploymentCollectionViewCell.xib */; };
		A28FD697296AB502009835D4 /* EmploymentCollectionViewCell.xib in Resources */ = {isa = PBXBuildFile; fileRef = A28FD691296AB502009835D4 /* EmploymentCollectionViewCell.xib */; };
		A28FD69E296ACCDF009835D4 /* Server.swift in Sources */ = {isa = PBXBuildFile; fileRef = A28FD69D296ACCDF009835D4 /* Server.swift */; };
		A28FD69F296ACCDF009835D4 /* Server.swift in Sources */ = {isa = PBXBuildFile; fileRef = A28FD69D296ACCDF009835D4 /* Server.swift */; };
		A28FD6A0296ACCDF009835D4 /* Server.swift in Sources */ = {isa = PBXBuildFile; fileRef = A28FD69D296ACCDF009835D4 /* Server.swift */; };
		A28FD6A2296ACF12009835D4 /* EmploymentViewModel.swift in Sources */ = {isa = PBXBuildFile; fileRef = A28FD6A1296ACF12009835D4 /* EmploymentViewModel.swift */; };
		A28FD6A7296ACF91009835D4 /* EmploymentModel.swift in Sources */ = {isa = PBXBuildFile; fileRef = A28FD6A6296ACF91009835D4 /* EmploymentModel.swift */; };
		A28FD6A8296ACF91009835D4 /* EmploymentModel.swift in Sources */ = {isa = PBXBuildFile; fileRef = A28FD6A6296ACF91009835D4 /* EmploymentModel.swift */; };
		A28FD6A9296ACF91009835D4 /* EmploymentModel.swift in Sources */ = {isa = PBXBuildFile; fileRef = A28FD6A6296ACF91009835D4 /* EmploymentModel.swift */; };
		A2B02F49296A725400248BEC /* InteractionView.swift in Sources */ = {isa = PBXBuildFile; fileRef = A2B02F48296A725400248BEC /* InteractionView.swift */; };
		A2B02F4A296A725400248BEC /* InteractionView.swift in Sources */ = {isa = PBXBuildFile; fileRef = A2B02F48296A725400248BEC /* InteractionView.swift */; };
		A2B02F4B296A725400248BEC /* InteractionView.swift in Sources */ = {isa = PBXBuildFile; fileRef = A2B02F48296A725400248BEC /* InteractionView.swift */; };
		A2B02F4D296A728D00248BEC /* InteractionView.xib in Resources */ = {isa = PBXBuildFile; fileRef = A2B02F4C296A728D00248BEC /* InteractionView.xib */; };
		A2B02F4E296A728D00248BEC /* InteractionView.xib in Resources */ = {isa = PBXBuildFile; fileRef = A2B02F4C296A728D00248BEC /* InteractionView.xib */; };
		A2B02F4F296A728D00248BEC /* InteractionView.xib in Resources */ = {isa = PBXBuildFile; fileRef = A2B02F4C296A728D00248BEC /* InteractionView.xib */; };
		A2BDDA1029695A34002E4B31 /* AppDelegate.swift in Sources */ = {isa = PBXBuildFile; fileRef = A2BDDA0F29695A34002E4B31 /* AppDelegate.swift */; };
		A2BDDA1229695A34002E4B31 /* SceneDelegate.swift in Sources */ = {isa = PBXBuildFile; fileRef = A2BDDA1129695A34002E4B31 /* SceneDelegate.swift */; };
		A2BDDA1429695A34002E4B31 /* MainViewController.swift in Sources */ = {isa = PBXBuildFile; fileRef = A2BDDA1329695A34002E4B31 /* MainViewController.swift */; };
		A2BDDA1729695A34002E4B31 /* Main.storyboard in Resources */ = {isa = PBXBuildFile; fileRef = A2BDDA1529695A34002E4B31 /* Main.storyboard */; };
		A2BDDA1929695A35002E4B31 /* Assets.xcassets in Resources */ = {isa = PBXBuildFile; fileRef = A2BDDA1829695A35002E4B31 /* Assets.xcassets */; };
		A2BDDA1C29695A35002E4B31 /* LaunchScreen.storyboard in Resources */ = {isa = PBXBuildFile; fileRef = A2BDDA1A29695A35002E4B31 /* LaunchScreen.storyboard */; };
		A2BDDA2729695A35002E4B31 /* MVVM_JobPlanetTests.swift in Sources */ = {isa = PBXBuildFile; fileRef = A2BDDA2629695A35002E4B31 /* MVVM_JobPlanetTests.swift */; };
		A2BDDA3129695A35002E4B31 /* MVVM_JobPlanetUITests.swift in Sources */ = {isa = PBXBuildFile; fileRef = A2BDDA3029695A35002E4B31 /* MVVM_JobPlanetUITests.swift */; };
		A2BDDA3329695A35002E4B31 /* MVVM_JobPlanetUITestsLaunchTests.swift in Sources */ = {isa = PBXBuildFile; fileRef = A2BDDA3229695A35002E4B31 /* MVVM_JobPlanetUITestsLaunchTests.swift */; };
		A2BDDA4029695F83002E4B31 /* Helper.swift in Sources */ = {isa = PBXBuildFile; fileRef = A2BDDA3F29695F83002E4B31 /* Helper.swift */; };
		C5B6730F8982403B94560579 /* Pods_MVVM_JobPlanet.framework in Frameworks */ = {isa = PBXBuildFile; fileRef = EF43AA62DA3C63737ECB6427 /* Pods_MVVM_JobPlanet.framework */; };
/* End PBXBuildFile section */

/* Begin PBXContainerItemProxy section */
		A2BDDA2329695A35002E4B31 /* PBXContainerItemProxy */ = {
			isa = PBXContainerItemProxy;
			containerPortal = A2BDDA0429695A34002E4B31 /* Project object */;
			proxyType = 1;
			remoteGlobalIDString = A2BDDA0B29695A34002E4B31;
			remoteInfo = "MVVM JobPlanet";
		};
		A2BDDA2D29695A35002E4B31 /* PBXContainerItemProxy */ = {
			isa = PBXContainerItemProxy;
			containerPortal = A2BDDA0429695A34002E4B31 /* Project object */;
			proxyType = 1;
			remoteGlobalIDString = A2BDDA0B29695A34002E4B31;
			remoteInfo = "MVVM JobPlanet";
		};
/* End PBXContainerItemProxy section */

/* Begin PBXFileReference section */
		0BC24947278734C819A7D52B /* Pods-MVVM JobPlanetUITests.debug.xcconfig */ = {isa = PBXFileReference; includeInIndex = 1; lastKnownFileType = text.xcconfig; name = "Pods-MVVM JobPlanetUITests.debug.xcconfig"; path = "Target Support Files/Pods-MVVM JobPlanetUITests/Pods-MVVM JobPlanetUITests.debug.xcconfig"; sourceTree = "<group>"; };
		264944EFD2C02D0A2372E0F4 /* Pods-MVVM JobPlanetTests.release.xcconfig */ = {isa = PBXFileReference; includeInIndex = 1; lastKnownFileType = text.xcconfig; name = "Pods-MVVM JobPlanetTests.release.xcconfig"; path = "Target Support Files/Pods-MVVM JobPlanetTests/Pods-MVVM JobPlanetTests.release.xcconfig"; sourceTree = "<group>"; };
		3142F14B23D31589FBF7C3CA /* libPods-MVVM JobPlanetUITests.a */ = {isa = PBXFileReference; explicitFileType = archive.ar; includeInIndex = 0; path = "libPods-MVVM JobPlanetUITests.a"; sourceTree = BUILT_PRODUCTS_DIR; };
		5AD7FB9B24E4EC75712BA1CC /* Pods-MVVM JobPlanetTests.debug.xcconfig */ = {isa = PBXFileReference; includeInIndex = 1; lastKnownFileType = text.xcconfig; name = "Pods-MVVM JobPlanetTests.debug.xcconfig"; path = "Target Support Files/Pods-MVVM JobPlanetTests/Pods-MVVM JobPlanetTests.debug.xcconfig"; sourceTree = "<group>"; };
		69D2243BEE34E222A46D8584 /* Pods-MVVM JobPlanetUITests.release.xcconfig */ = {isa = PBXFileReference; includeInIndex = 1; lastKnownFileType = text.xcconfig; name = "Pods-MVVM JobPlanetUITests.release.xcconfig"; path = "Target Support Files/Pods-MVVM JobPlanetUITests/Pods-MVVM JobPlanetUITests.release.xcconfig"; sourceTree = "<group>"; };
		A20352ED296BED7300F93552 /* SearchViewController.swift */ = {isa = PBXFileReference; lastKnownFileType = sourcecode.swift; path = SearchViewController.swift; sourceTree = "<group>"; };
		A20352EF296BF80700F93552 /* SearchView.swift */ = {isa = PBXFileReference; lastKnownFileType = sourcecode.swift; path = SearchView.swift; sourceTree = "<group>"; };
		A20352F1296C165F00F93552 /* Search1TableViewCell.swift */ = {isa = PBXFileReference; lastKnownFileType = sourcecode.swift; path = Search1TableViewCell.swift; sourceTree = "<group>"; };
		A20352F3296C166600F93552 /* Search2TableViewCell.swift */ = {isa = PBXFileReference; lastKnownFileType = sourcecode.swift; path = Search2TableViewCell.swift; sourceTree = "<group>"; };
		A2099432296A880E0068C06B /* EnterpriseView.xib */ = {isa = PBXFileReference; lastKnownFileType = file.xib; name = EnterpriseView.xib; path = ../../StoryBoard/EnterpriseView.xib; sourceTree = "<group>"; };
		A212D73F2969730A0080287C /* MainView.swift */ = {isa = PBXFileReference; lastKnownFileType = sourcecode.swift; path = MainView.swift; sourceTree = "<group>"; };
		A212D741296973920080287C /* MainView.xib */ = {isa = PBXFileReference; lastKnownFileType = file.xib; path = MainView.xib; sourceTree = "<group>"; };
		A212D74329698FAE0080287C /* EmploymentView.swift */ = {isa = PBXFileReference; lastKnownFileType = sourcecode.swift; path = EmploymentView.swift; sourceTree = "<group>"; };
		A212D74529698FBA0080287C /* EnterpriseView.swift */ = {isa = PBXFileReference; lastKnownFileType = sourcecode.swift; path = EnterpriseView.swift; sourceTree = "<group>"; };
		A212D7472969908E0080287C /* EmploymentView.xib */ = {isa = PBXFileReference; lastKnownFileType = file.xib; path = EmploymentView.xib; sourceTree = "<group>"; };
		A266AE0E296AEEBF00C6FE7E /* PaddingLabel.swift */ = {isa = PBXFileReference; lastKnownFileType = sourcecode.swift; path = PaddingLabel.swift; sourceTree = "<group>"; };
		A266AE1A296B0FF500C6FE7E /* EnterpriseTableViewCell.swift */ = {isa = PBXFileReference; lastKnownFileType = sourcecode.swift; path = EnterpriseTableViewCell.swift; sourceTree = "<group>"; };
		A266AE1B296B0FF500C6FE7E /* EnterpriseTableViewCell.xib */ = {isa = PBXFileReference; lastKnownFileType = file.xib; path = EnterpriseTableViewCell.xib; sourceTree = "<group>"; };
		A266AE1E296B12D700C6FE7E /* EnterpriseViewModel.swift */ = {isa = PBXFileReference; lastKnownFileType = sourcecode.swift; path = EnterpriseViewModel.swift; sourceTree = "<group>"; };
		A266AE22296B12FB00C6FE7E /* EnterpriseModel.swift */ = {isa = PBXFileReference; lastKnownFileType = sourcecode.swift; path = EnterpriseModel.swift; sourceTree = "<group>"; };
		A266AE24296B2ED200C6FE7E /* EnterpriseCollectionViewCell.swift */ = {isa = PBXFileReference; lastKnownFileType = sourcecode.swift; path = EnterpriseCollectionViewCell.swift; sourceTree = "<group>"; };
		A266AE25296B2ED200C6FE7E /* EnterpriseCollectionViewCell.xib */ = {isa = PBXFileReference; lastKnownFileType = file.xib; path = EnterpriseCollectionViewCell.xib; sourceTree = "<group>"; };
		A266AE28296B304500C6FE7E /* Enterprise2TableViewCell.swift */ = {isa = PBXFileReference; lastKnownFileType = sourcecode.swift; path = Enterprise2TableViewCell.swift; sourceTree = "<group>"; };
		A266AE29296B304500C6FE7E /* Enterprise2TableViewCell.xib */ = {isa = PBXFileReference; lastKnownFileType = file.xib; path = Enterprise2TableViewCell.xib; sourceTree = "<group>"; };
		A266AE2C296BB6A900C6FE7E /* DetailViewController.swift */ = {isa = PBXFileReference; lastKnownFileType = sourcecode.swift; path = DetailViewController.swift; sourceTree = "<group>"; };
		A266AE30296BBEE600C6FE7E /* DetailView.swift */ = {isa = PBXFileReference; lastKnownFileType = sourcecode.swift; path = DetailView.swift; sourceTree = "<group>"; };
		A28FD690296AB502009835D4 /* EmploymentCollectionViewCell.swift */ = {isa = PBXFileReference; lastKnownFileType = sourcecode.swift; path = EmploymentCollectionViewCell.swift; sourceTree = "<group>"; };
		A28FD691296AB502009835D4 /* EmploymentCollectionViewCell.xib */ = {isa = PBXFileReference; lastKnownFileType = file.xib; path = EmploymentCollectionViewCell.xib; sourceTree = "<group>"; };
		A28FD69D296ACCDF009835D4 /* Server.swift */ = {isa = PBXFileReference; lastKnownFileType = sourcecode.swift; path = Server.swift; sourceTree = "<group>"; };
		A28FD6A1296ACF12009835D4 /* EmploymentViewModel.swift */ = {isa = PBXFileReference; lastKnownFileType = sourcecode.swift; path = EmploymentViewModel.swift; sourceTree = "<group>"; };
		A28FD6A6296ACF91009835D4 /* EmploymentModel.swift */ = {isa = PBXFileReference; lastKnownFileType = sourcecode.swift; path = EmploymentModel.swift; sourceTree = "<group>"; };
		A2B02F48296A725400248BEC /* InteractionView.swift */ = {isa = PBXFileReference; lastKnownFileType = sourcecode.swift; path = InteractionView.swift; sourceTree = "<group>"; };
		A2B02F4C296A728D00248BEC /* InteractionView.xib */ = {isa = PBXFileReference; lastKnownFileType = file.xib; path = InteractionView.xib; sourceTree = "<group>"; };
		A2BDDA0C29695A34002E4B31 /* MVVM JobPlanet.app */ = {isa = PBXFileReference; explicitFileType = wrapper.application; includeInIndex = 0; path = "MVVM JobPlanet.app"; sourceTree = BUILT_PRODUCTS_DIR; };
		A2BDDA0F29695A34002E4B31 /* AppDelegate.swift */ = {isa = PBXFileReference; lastKnownFileType = sourcecode.swift; path = AppDelegate.swift; sourceTree = "<group>"; };
		A2BDDA1129695A34002E4B31 /* SceneDelegate.swift */ = {isa = PBXFileReference; lastKnownFileType = sourcecode.swift; path = SceneDelegate.swift; sourceTree = "<group>"; };
		A2BDDA1329695A34002E4B31 /* MainViewController.swift */ = {isa = PBXFileReference; lastKnownFileType = sourcecode.swift; path = MainViewController.swift; sourceTree = "<group>"; };
		A2BDDA1629695A34002E4B31 /* Base */ = {isa = PBXFileReference; lastKnownFileType = file.storyboard; name = Base; path = Base.lproj/Main.storyboard; sourceTree = "<group>"; };
		A2BDDA1829695A35002E4B31 /* Assets.xcassets */ = {isa = PBXFileReference; lastKnownFileType = folder.assetcatalog; path = Assets.xcassets; sourceTree = "<group>"; };
		A2BDDA1B29695A35002E4B31 /* Base */ = {isa = PBXFileReference; lastKnownFileType = file.storyboard; name = Base; path = Base.lproj/LaunchScreen.storyboard; sourceTree = "<group>"; };
		A2BDDA1D29695A35002E4B31 /* Info.plist */ = {isa = PBXFileReference; lastKnownFileType = text.plist.xml; path = Info.plist; sourceTree = "<group>"; };
		A2BDDA2229695A35002E4B31 /* MVVM JobPlanetTests.xctest */ = {isa = PBXFileReference; explicitFileType = wrapper.cfbundle; includeInIndex = 0; path = "MVVM JobPlanetTests.xctest"; sourceTree = BUILT_PRODUCTS_DIR; };
		A2BDDA2629695A35002E4B31 /* MVVM_JobPlanetTests.swift */ = {isa = PBXFileReference; lastKnownFileType = sourcecode.swift; path = MVVM_JobPlanetTests.swift; sourceTree = "<group>"; };
		A2BDDA2C29695A35002E4B31 /* MVVM JobPlanetUITests.xctest */ = {isa = PBXFileReference; explicitFileType = wrapper.cfbundle; includeInIndex = 0; path = "MVVM JobPlanetUITests.xctest"; sourceTree = BUILT_PRODUCTS_DIR; };
		A2BDDA3029695A35002E4B31 /* MVVM_JobPlanetUITests.swift */ = {isa = PBXFileReference; lastKnownFileType = sourcecode.swift; path = MVVM_JobPlanetUITests.swift; sourceTree = "<group>"; };
		A2BDDA3229695A35002E4B31 /* MVVM_JobPlanetUITestsLaunchTests.swift */ = {isa = PBXFileReference; lastKnownFileType = sourcecode.swift; path = MVVM_JobPlanetUITestsLaunchTests.swift; sourceTree = "<group>"; };
		A2BDDA3F29695F83002E4B31 /* Helper.swift */ = {isa = PBXFileReference; lastKnownFileType = sourcecode.swift; path = Helper.swift; sourceTree = "<group>"; };
		DBE9CE98AE6FCBBA5DD58099 /* libPods-MVVM JobPlanetTests.a */ = {isa = PBXFileReference; explicitFileType = archive.ar; includeInIndex = 0; path = "libPods-MVVM JobPlanetTests.a"; sourceTree = BUILT_PRODUCTS_DIR; };
		DD6D772F8E888CD75BB6A39C /* Pods-MVVM JobPlanet.release.xcconfig */ = {isa = PBXFileReference; includeInIndex = 1; lastKnownFileType = text.xcconfig; name = "Pods-MVVM JobPlanet.release.xcconfig"; path = "Target Support Files/Pods-MVVM JobPlanet/Pods-MVVM JobPlanet.release.xcconfig"; sourceTree = "<group>"; };
		E515F5724661D15F0E407EF1 /* Pods-MVVM JobPlanet.debug.xcconfig */ = {isa = PBXFileReference; includeInIndex = 1; lastKnownFileType = text.xcconfig; name = "Pods-MVVM JobPlanet.debug.xcconfig"; path = "Target Support Files/Pods-MVVM JobPlanet/Pods-MVVM JobPlanet.debug.xcconfig"; sourceTree = "<group>"; };
		EF43AA62DA3C63737ECB6427 /* Pods_MVVM_JobPlanet.framework */ = {isa = PBXFileReference; explicitFileType = wrapper.framework; includeInIndex = 0; path = Pods_MVVM_JobPlanet.framework; sourceTree = BUILT_PRODUCTS_DIR; };
/* End PBXFileReference section */

/* Begin PBXFrameworksBuildPhase section */
		A2BDDA0929695A34002E4B31 /* Frameworks */ = {
			isa = PBXFrameworksBuildPhase;
			buildActionMask = 2147483647;
			files = (
				C5B6730F8982403B94560579 /* Pods_MVVM_JobPlanet.framework in Frameworks */,
			);
			runOnlyForDeploymentPostprocessing = 0;
		};
		A2BDDA1F29695A35002E4B31 /* Frameworks */ = {
			isa = PBXFrameworksBuildPhase;
			buildActionMask = 2147483647;
			files = (
				0B891678649CF7D48802898C /* libPods-MVVM JobPlanetTests.a in Frameworks */,
			);
			runOnlyForDeploymentPostprocessing = 0;
		};
		A2BDDA2929695A35002E4B31 /* Frameworks */ = {
			isa = PBXFrameworksBuildPhase;
			buildActionMask = 2147483647;
			files = (
				53C11551BAFE4E35B585FB70 /* libPods-MVVM JobPlanetUITests.a in Frameworks */,
			);
			runOnlyForDeploymentPostprocessing = 0;
		};
/* End PBXFrameworksBuildPhase section */

/* Begin PBXGroup section */
		7F1FA62EB37845AE8BCE2E85 /* Frameworks */ = {
			isa = PBXGroup;
			children = (
				EF43AA62DA3C63737ECB6427 /* Pods_MVVM_JobPlanet.framework */,
				DBE9CE98AE6FCBBA5DD58099 /* libPods-MVVM JobPlanetTests.a */,
				3142F14B23D31589FBF7C3CA /* libPods-MVVM JobPlanetUITests.a */,
			);
			name = Frameworks;
			sourceTree = "<group>";
		};
		A266AE19296B0FB900C6FE7E /* TableViewCell */ = {
			isa = PBXGroup;
			children = (
				A266AE1A296B0FF500C6FE7E /* EnterpriseTableViewCell.swift */,
				A266AE1B296B0FF500C6FE7E /* EnterpriseTableViewCell.xib */,
				A266AE28296B304500C6FE7E /* Enterprise2TableViewCell.swift */,
				A266AE29296B304500C6FE7E /* Enterprise2TableViewCell.xib */,
				A20352F1296C165F00F93552 /* Search1TableViewCell.swift */,
				A20352F3296C166600F93552 /* Search2TableViewCell.swift */,
			);
			path = TableViewCell;
			sourceTree = "<group>";
		};
		A28FD698296ACAD9009835D4 /* ViewModels */ = {
			isa = PBXGroup;
			children = (
				A28FD6A1296ACF12009835D4 /* EmploymentViewModel.swift */,
				A266AE1E296B12D700C6FE7E /* EnterpriseViewModel.swift */,
			);
			path = ViewModels;
			sourceTree = "<group>";
		};
		A28FD6A5296ACF84009835D4 /* Models */ = {
			isa = PBXGroup;
			children = (
				A28FD6A6296ACF91009835D4 /* EmploymentModel.swift */,
				A266AE22296B12FB00C6FE7E /* EnterpriseModel.swift */,
				A28FD698296ACAD9009835D4 /* ViewModels */,
			);
			path = Models;
			sourceTree = "<group>";
		};
		A2B02F50296A869500248BEC /* CollectionViewCell */ = {
			isa = PBXGroup;
			children = (
				A28FD690296AB502009835D4 /* EmploymentCollectionViewCell.swift */,
				A28FD691296AB502009835D4 /* EmploymentCollectionViewCell.xib */,
				A266AE24296B2ED200C6FE7E /* EnterpriseCollectionViewCell.swift */,
				A266AE25296B2ED200C6FE7E /* EnterpriseCollectionViewCell.xib */,
			);
			path = CollectionViewCell;
			sourceTree = "<group>";
		};
		A2BDDA0329695A34002E4B31 = {
			isa = PBXGroup;
			children = (
				A2BDDA0E29695A34002E4B31 /* MVVM JobPlanet */,
				A2BDDA2529695A35002E4B31 /* MVVM JobPlanetTests */,
				A2BDDA2F29695A35002E4B31 /* MVVM JobPlanetUITests */,
				A2BDDA0D29695A34002E4B31 /* Products */,
				D463E3F1CF84BD27DD44B11B /* Pods */,
				7F1FA62EB37845AE8BCE2E85 /* Frameworks */,
			);
			sourceTree = "<group>";
		};
		A2BDDA0D29695A34002E4B31 /* Products */ = {
			isa = PBXGroup;
			children = (
				A2BDDA0C29695A34002E4B31 /* MVVM JobPlanet.app */,
				A2BDDA2229695A35002E4B31 /* MVVM JobPlanetTests.xctest */,
				A2BDDA2C29695A35002E4B31 /* MVVM JobPlanetUITests.xctest */,
			);
			name = Products;
			sourceTree = "<group>";
		};
		A2BDDA0E29695A34002E4B31 /* MVVM JobPlanet */ = {
			isa = PBXGroup;
			children = (
				A2BDDA1D29695A35002E4B31 /* Info.plist */,
				A2C8F33C296A878300157273 /* AppDelegate */,
				A2C8F33B296A877500157273 /* Resources */,
				A2BDDA4229696906002E4B31 /* StoryBoard */,
				A2BDDA41296968DE002E4B31 /* MVVM */,
				A266AE0E296AEEBF00C6FE7E /* PaddingLabel.swift */,
				A28FD69D296ACCDF009835D4 /* Server.swift */,
				A2BDDA3F29695F83002E4B31 /* Helper.swift */,
			);
			path = "MVVM JobPlanet";
			sourceTree = "<group>";
		};
		A2BDDA2529695A35002E4B31 /* MVVM JobPlanetTests */ = {
			isa = PBXGroup;
			children = (
				A2BDDA2629695A35002E4B31 /* MVVM_JobPlanetTests.swift */,
			);
			path = "MVVM JobPlanetTests";
			sourceTree = "<group>";
		};
		A2BDDA2F29695A35002E4B31 /* MVVM JobPlanetUITests */ = {
			isa = PBXGroup;
			children = (
				A2BDDA3029695A35002E4B31 /* MVVM_JobPlanetUITests.swift */,
				A2BDDA3229695A35002E4B31 /* MVVM_JobPlanetUITestsLaunchTests.swift */,
			);
			path = "MVVM JobPlanetUITests";
			sourceTree = "<group>";
		};
		A2BDDA41296968DE002E4B31 /* MVVM */ = {
			isa = PBXGroup;
			children = (
				A28FD6A5296ACF84009835D4 /* Models */,
				A2C8F33A296A875D00157273 /* Views */,
				A2C8F339296A874800157273 /* Controllers */,
				A266AE19296B0FB900C6FE7E /* TableViewCell */,
				A2B02F50296A869500248BEC /* CollectionViewCell */,
			);
			path = MVVM;
			sourceTree = "<group>";
		};
		A2BDDA4229696906002E4B31 /* StoryBoard */ = {
			isa = PBXGroup;
			children = (
				A2BDDA1A29695A35002E4B31 /* LaunchScreen.storyboard */,
			);
			path = StoryBoard;
			sourceTree = "<group>";
		};
		A2C8F339296A874800157273 /* Controllers */ = {
			isa = PBXGroup;
			children = (
				A2BDDA1329695A34002E4B31 /* MainViewController.swift */,
				A2BDDA1529695A34002E4B31 /* Main.storyboard */,
				A266AE2C296BB6A900C6FE7E /* DetailViewController.swift */,
				A20352ED296BED7300F93552 /* SearchViewController.swift */,
			);
			path = Controllers;
			sourceTree = "<group>";
		};
		A2C8F33A296A875D00157273 /* Views */ = {
			isa = PBXGroup;
			children = (
				A212D73F2969730A0080287C /* MainView.swift */,
				A212D741296973920080287C /* MainView.xib */,
				A212D74329698FAE0080287C /* EmploymentView.swift */,
				A212D7472969908E0080287C /* EmploymentView.xib */,
				A212D74529698FBA0080287C /* EnterpriseView.swift */,
				A2099432296A880E0068C06B /* EnterpriseView.xib */,
				A2B02F48296A725400248BEC /* InteractionView.swift */,
				A2B02F4C296A728D00248BEC /* InteractionView.xib */,
				A266AE30296BBEE600C6FE7E /* DetailView.swift */,
				A20352EF296BF80700F93552 /* SearchView.swift */,
			);
			path = Views;
			sourceTree = "<group>";
		};
		A2C8F33B296A877500157273 /* Resources */ = {
			isa = PBXGroup;
			children = (
				A2BDDA1829695A35002E4B31 /* Assets.xcassets */,
			);
			path = Resources;
			sourceTree = "<group>";
		};
		A2C8F33C296A878300157273 /* AppDelegate */ = {
			isa = PBXGroup;
			children = (
				A2BDDA0F29695A34002E4B31 /* AppDelegate.swift */,
				A2BDDA1129695A34002E4B31 /* SceneDelegate.swift */,
			);
			path = AppDelegate;
			sourceTree = "<group>";
		};
		D463E3F1CF84BD27DD44B11B /* Pods */ = {
			isa = PBXGroup;
			children = (
				E515F5724661D15F0E407EF1 /* Pods-MVVM JobPlanet.debug.xcconfig */,
				DD6D772F8E888CD75BB6A39C /* Pods-MVVM JobPlanet.release.xcconfig */,
				5AD7FB9B24E4EC75712BA1CC /* Pods-MVVM JobPlanetTests.debug.xcconfig */,
				264944EFD2C02D0A2372E0F4 /* Pods-MVVM JobPlanetTests.release.xcconfig */,
				0BC24947278734C819A7D52B /* Pods-MVVM JobPlanetUITests.debug.xcconfig */,
				69D2243BEE34E222A46D8584 /* Pods-MVVM JobPlanetUITests.release.xcconfig */,
			);
			path = Pods;
			sourceTree = "<group>";
		};
/* End PBXGroup section */

/* Begin PBXNativeTarget section */
		A2BDDA0B29695A34002E4B31 /* MVVM JobPlanet */ = {
			isa = PBXNativeTarget;
			buildConfigurationList = A2BDDA3629695A35002E4B31 /* Build configuration list for PBXNativeTarget "MVVM JobPlanet" */;
			buildPhases = (
				ED9DC730E0C1D98E2F37CFBD /* [CP] Check Pods Manifest.lock */,
				A2BDDA0829695A34002E4B31 /* Sources */,
				A2BDDA0929695A34002E4B31 /* Frameworks */,
				A2BDDA0A29695A34002E4B31 /* Resources */,
				5AD2E336C9A173F16CBEB045 /* [CP] Embed Pods Frameworks */,
			);
			buildRules = (
			);
			dependencies = (
			);
			name = "MVVM JobPlanet";
			productName = "MVVM JobPlanet";
			productReference = A2BDDA0C29695A34002E4B31 /* MVVM JobPlanet.app */;
			productType = "com.apple.product-type.application";
		};
		A2BDDA2129695A35002E4B31 /* MVVM JobPlanetTests */ = {
			isa = PBXNativeTarget;
			buildConfigurationList = A2BDDA3929695A35002E4B31 /* Build configuration list for PBXNativeTarget "MVVM JobPlanetTests" */;
			buildPhases = (
				24C79157A90073F0CCF983C4 /* [CP] Check Pods Manifest.lock */,
				A2BDDA1E29695A35002E4B31 /* Sources */,
				A2BDDA1F29695A35002E4B31 /* Frameworks */,
				A2BDDA2029695A35002E4B31 /* Resources */,
			);
			buildRules = (
			);
			dependencies = (
				A2BDDA2429695A35002E4B31 /* PBXTargetDependency */,
			);
			name = "MVVM JobPlanetTests";
			productName = "MVVM JobPlanetTests";
			productReference = A2BDDA2229695A35002E4B31 /* MVVM JobPlanetTests.xctest */;
			productType = "com.apple.product-type.bundle.unit-test";
		};
		A2BDDA2B29695A35002E4B31 /* MVVM JobPlanetUITests */ = {
			isa = PBXNativeTarget;
			buildConfigurationList = A2BDDA3C29695A35002E4B31 /* Build configuration list for PBXNativeTarget "MVVM JobPlanetUITests" */;
			buildPhases = (
				AEA2BA6C34979F9881EECDBD /* [CP] Check Pods Manifest.lock */,
				A2BDDA2829695A35002E4B31 /* Sources */,
				A2BDDA2929695A35002E4B31 /* Frameworks */,
				A2BDDA2A29695A35002E4B31 /* Resources */,
			);
			buildRules = (
			);
			dependencies = (
				A2BDDA2E29695A35002E4B31 /* PBXTargetDependency */,
			);
			name = "MVVM JobPlanetUITests";
			productName = "MVVM JobPlanetUITests";
			productReference = A2BDDA2C29695A35002E4B31 /* MVVM JobPlanetUITests.xctest */;
			productType = "com.apple.product-type.bundle.ui-testing";
		};
/* End PBXNativeTarget section */

/* Begin PBXProject section */
		A2BDDA0429695A34002E4B31 /* Project object */ = {
			isa = PBXProject;
			attributes = {
				BuildIndependentTargetsInParallel = 1;
				LastSwiftUpdateCheck = 1400;
				LastUpgradeCheck = 1400;
				TargetAttributes = {
					A2BDDA0B29695A34002E4B31 = {
						CreatedOnToolsVersion = 14.0;
					};
					A2BDDA2129695A35002E4B31 = {
						CreatedOnToolsVersion = 14.0;
						TestTargetID = A2BDDA0B29695A34002E4B31;
					};
					A2BDDA2B29695A35002E4B31 = {
						CreatedOnToolsVersion = 14.0;
						TestTargetID = A2BDDA0B29695A34002E4B31;
					};
				};
			};
			buildConfigurationList = A2BDDA0729695A34002E4B31 /* Build configuration list for PBXProject "MVVM JobPlanet" */;
			compatibilityVersion = "Xcode 14.0";
			developmentRegion = en;
			hasScannedForEncodings = 0;
			knownRegions = (
				en,
				Base,
			);
			mainGroup = A2BDDA0329695A34002E4B31;
			productRefGroup = A2BDDA0D29695A34002E4B31 /* Products */;
			projectDirPath = "";
			projectRoot = "";
			targets = (
				A2BDDA0B29695A34002E4B31 /* MVVM JobPlanet */,
				A2BDDA2129695A35002E4B31 /* MVVM JobPlanetTests */,
				A2BDDA2B29695A35002E4B31 /* MVVM JobPlanetUITests */,
			);
		};
/* End PBXProject section */

/* Begin PBXResourcesBuildPhase section */
		A2BDDA0A29695A34002E4B31 /* Resources */ = {
			isa = PBXResourcesBuildPhase;
			buildActionMask = 2147483647;
			files = (
				A2B02F4D296A728D00248BEC /* InteractionView.xib in Resources */,
				A2BDDA1C29695A35002E4B31 /* LaunchScreen.storyboard in Resources */,
				A212D742296973920080287C /* MainView.xib in Resources */,
				A2099433296A880E0068C06B /* EnterpriseView.xib in Resources */,
				A28FD695296AB502009835D4 /* EmploymentCollectionViewCell.xib in Resources */,
				A2BDDA1929695A35002E4B31 /* Assets.xcassets in Resources */,
				A266AE27296B2ED200C6FE7E /* EnterpriseCollectionViewCell.xib in Resources */,
				A266AE2B296B304500C6FE7E /* Enterprise2TableViewCell.xib in Resources */,
				A2BDDA1729695A34002E4B31 /* Main.storyboard in Resources */,
				A266AE1D296B0FF500C6FE7E /* EnterpriseTableViewCell.xib in Resources */,
				A212D7482969908E0080287C /* EmploymentView.xib in Resources */,
			);
			runOnlyForDeploymentPostprocessing = 0;
		};
		A2BDDA2029695A35002E4B31 /* Resources */ = {
			isa = PBXResourcesBuildPhase;
			buildActionMask = 2147483647;
			files = (
				A28FD696296AB502009835D4 /* EmploymentCollectionViewCell.xib in Resources */,
				A2B02F4E296A728D00248BEC /* InteractionView.xib in Resources */,
			);
			runOnlyForDeploymentPostprocessing = 0;
		};
		A2BDDA2A29695A35002E4B31 /* Resources */ = {
			isa = PBXResourcesBuildPhase;
			buildActionMask = 2147483647;
			files = (
				A28FD697296AB502009835D4 /* EmploymentCollectionViewCell.xib in Resources */,
				A2B02F4F296A728D00248BEC /* InteractionView.xib in Resources */,
			);
			runOnlyForDeploymentPostprocessing = 0;
		};
/* End PBXResourcesBuildPhase section */

/* Begin PBXShellScriptBuildPhase section */
		24C79157A90073F0CCF983C4 /* [CP] Check Pods Manifest.lock */ = {
			isa = PBXShellScriptBuildPhase;
			buildActionMask = 2147483647;
			files = (
			);
			inputFileListPaths = (
			);
			inputPaths = (
				"${PODS_PODFILE_DIR_PATH}/Podfile.lock",
				"${PODS_ROOT}/Manifest.lock",
			);
			name = "[CP] Check Pods Manifest.lock";
			outputFileListPaths = (
			);
			outputPaths = (
				"$(DERIVED_FILE_DIR)/Pods-MVVM JobPlanetTests-checkManifestLockResult.txt",
			);
			runOnlyForDeploymentPostprocessing = 0;
			shellPath = /bin/sh;
			shellScript = "diff \"${PODS_PODFILE_DIR_PATH}/Podfile.lock\" \"${PODS_ROOT}/Manifest.lock\" > /dev/null\nif [ $? != 0 ] ; then\n    # print error to STDERR\n    echo \"error: The sandbox is not in sync with the Podfile.lock. Run 'pod install' or update your CocoaPods installation.\" >&2\n    exit 1\nfi\n# This output is used by Xcode 'outputs' to avoid re-running this script phase.\necho \"SUCCESS\" > \"${SCRIPT_OUTPUT_FILE_0}\"\n";
			showEnvVarsInLog = 0;
		};
		5AD2E336C9A173F16CBEB045 /* [CP] Embed Pods Frameworks */ = {
			isa = PBXShellScriptBuildPhase;
			buildActionMask = 2147483647;
			files = (
			);
			inputFileListPaths = (
				"${PODS_ROOT}/Target Support Files/Pods-MVVM JobPlanet/Pods-MVVM JobPlanet-frameworks-${CONFIGURATION}-input-files.xcfilelist",
			);
			name = "[CP] Embed Pods Frameworks";
			outputFileListPaths = (
				"${PODS_ROOT}/Target Support Files/Pods-MVVM JobPlanet/Pods-MVVM JobPlanet-frameworks-${CONFIGURATION}-output-files.xcfilelist",
			);
			runOnlyForDeploymentPostprocessing = 0;
			shellPath = /bin/sh;
			shellScript = "\"${PODS_ROOT}/Target Support Files/Pods-MVVM JobPlanet/Pods-MVVM JobPlanet-frameworks.sh\"\n";
			showEnvVarsInLog = 0;
		};
		AEA2BA6C34979F9881EECDBD /* [CP] Check Pods Manifest.lock */ = {
			isa = PBXShellScriptBuildPhase;
			buildActionMask = 2147483647;
			files = (
			);
			inputFileListPaths = (
			);
			inputPaths = (
				"${PODS_PODFILE_DIR_PATH}/Podfile.lock",
				"${PODS_ROOT}/Manifest.lock",
			);
			name = "[CP] Check Pods Manifest.lock";
			outputFileListPaths = (
			);
			outputPaths = (
				"$(DERIVED_FILE_DIR)/Pods-MVVM JobPlanetUITests-checkManifestLockResult.txt",
			);
			runOnlyForDeploymentPostprocessing = 0;
			shellPath = /bin/sh;
			shellScript = "diff \"${PODS_PODFILE_DIR_PATH}/Podfile.lock\" \"${PODS_ROOT}/Manifest.lock\" > /dev/null\nif [ $? != 0 ] ; then\n    # print error to STDERR\n    echo \"error: The sandbox is not in sync with the Podfile.lock. Run 'pod install' or update your CocoaPods installation.\" >&2\n    exit 1\nfi\n# This output is used by Xcode 'outputs' to avoid re-running this script phase.\necho \"SUCCESS\" > \"${SCRIPT_OUTPUT_FILE_0}\"\n";
			showEnvVarsInLog = 0;
		};
		ED9DC730E0C1D98E2F37CFBD /* [CP] Check Pods Manifest.lock */ = {
			isa = PBXShellScriptBuildPhase;
			buildActionMask = 2147483647;
			files = (
			);
			inputFileListPaths = (
			);
			inputPaths = (
				"${PODS_PODFILE_DIR_PATH}/Podfile.lock",
				"${PODS_ROOT}/Manifest.lock",
			);
			name = "[CP] Check Pods Manifest.lock";
			outputFileListPaths = (
			);
			outputPaths = (
				"$(DERIVED_FILE_DIR)/Pods-MVVM JobPlanet-checkManifestLockResult.txt",
			);
			runOnlyForDeploymentPostprocessing = 0;
			shellPath = /bin/sh;
			shellScript = "diff \"${PODS_PODFILE_DIR_PATH}/Podfile.lock\" \"${PODS_ROOT}/Manifest.lock\" > /dev/null\nif [ $? != 0 ] ; then\n    # print error to STDERR\n    echo \"error: The sandbox is not in sync with the Podfile.lock. Run 'pod install' or update your CocoaPods installation.\" >&2\n    exit 1\nfi\n# This output is used by Xcode 'outputs' to avoid re-running this script phase.\necho \"SUCCESS\" > \"${SCRIPT_OUTPUT_FILE_0}\"\n";
			showEnvVarsInLog = 0;
		};
/* End PBXShellScriptBuildPhase section */

/* Begin PBXSourcesBuildPhase section */
		A2BDDA0829695A34002E4B31 /* Sources */ = {
			isa = PBXSourcesBuildPhase;
			buildActionMask = 2147483647;
			files = (
				A2BDDA1429695A34002E4B31 /* MainViewController.swift in Sources */,
				A28FD692296AB502009835D4 /* EmploymentCollectionViewCell.swift in Sources */,
				A266AE23296B12FB00C6FE7E /* EnterpriseModel.swift in Sources */,
				A266AE1F296B12D700C6FE7E /* EnterpriseViewModel.swift in Sources */,
				A266AE1C296B0FF500C6FE7E /* EnterpriseTableViewCell.swift in Sources */,
				A28FD6A2296ACF12009835D4 /* EmploymentViewModel.swift in Sources */,
				A28FD6A7296ACF91009835D4 /* EmploymentModel.swift in Sources */,
				A2BDDA1029695A34002E4B31 /* AppDelegate.swift in Sources */,
				A20352F4296C166600F93552 /* Search2TableViewCell.swift in Sources */,
				A2BDDA1229695A34002E4B31 /* SceneDelegate.swift in Sources */,
				A2B02F49296A725400248BEC /* InteractionView.swift in Sources */,
				A20352F0296BF80700F93552 /* SearchView.swift in Sources */,
				A266AE2D296BB6A900C6FE7E /* DetailViewController.swift in Sources */,
				A28FD69E296ACCDF009835D4 /* Server.swift in Sources */,
				A266AE26296B2ED200C6FE7E /* EnterpriseCollectionViewCell.swift in Sources */,
				A266AE31296BBEE600C6FE7E /* DetailView.swift in Sources */,
				A212D7402969730A0080287C /* MainView.swift in Sources */,
				A20352EE296BED7300F93552 /* SearchViewController.swift in Sources */,
				A212D74429698FAE0080287C /* EmploymentView.swift in Sources */,
				A266AE0F296AEEBF00C6FE7E /* PaddingLabel.swift in Sources */,
				A212D74629698FBA0080287C /* EnterpriseView.swift in Sources */,
				A2BDDA4029695F83002E4B31 /* Helper.swift in Sources */,
				A266AE2A296B304500C6FE7E /* Enterprise2TableViewCell.swift in Sources */,
				A20352F2296C165F00F93552 /* Search1TableViewCell.swift in Sources */,
			);
			runOnlyForDeploymentPostprocessing = 0;
		};
		A2BDDA1E29695A35002E4B31 /* Sources */ = {
			isa = PBXSourcesBuildPhase;
			buildActionMask = 2147483647;
			files = (
				A28FD69F296ACCDF009835D4 /* Server.swift in Sources */,
				A2BDDA2729695A35002E4B31 /* MVVM_JobPlanetTests.swift in Sources */,
				A28FD693296AB502009835D4 /* EmploymentCollectionViewCell.swift in Sources */,
				A28FD6A8296ACF91009835D4 /* EmploymentModel.swift in Sources */,
				A2B02F4A296A725400248BEC /* InteractionView.swift in Sources */,
			);
			runOnlyForDeploymentPostprocessing = 0;
		};
		A2BDDA2829695A35002E4B31 /* Sources */ = {
			isa = PBXSourcesBuildPhase;
			buildActionMask = 2147483647;
			files = (
				A2BDDA3329695A35002E4B31 /* MVVM_JobPlanetUITestsLaunchTests.swift in Sources */,
				A2B02F4B296A725400248BEC /* InteractionView.swift in Sources */,
				A28FD694296AB502009835D4 /* EmploymentCollectionViewCell.swift in Sources */,
				A2BDDA3129695A35002E4B31 /* MVVM_JobPlanetUITests.swift in Sources */,
				A28FD6A0296ACCDF009835D4 /* Server.swift in Sources */,
				A28FD6A9296ACF91009835D4 /* EmploymentModel.swift in Sources */,
			);
			runOnlyForDeploymentPostprocessing = 0;
		};
/* End PBXSourcesBuildPhase section */

/* Begin PBXTargetDependency section */
		A2BDDA2429695A35002E4B31 /* PBXTargetDependency */ = {
			isa = PBXTargetDependency;
			target = A2BDDA0B29695A34002E4B31 /* MVVM JobPlanet */;
			targetProxy = A2BDDA2329695A35002E4B31 /* PBXContainerItemProxy */;
		};
		A2BDDA2E29695A35002E4B31 /* PBXTargetDependency */ = {
			isa = PBXTargetDependency;
			target = A2BDDA0B29695A34002E4B31 /* MVVM JobPlanet */;
			targetProxy = A2BDDA2D29695A35002E4B31 /* PBXContainerItemProxy */;
		};
/* End PBXTargetDependency section */

/* Begin PBXVariantGroup section */
		A2BDDA1529695A34002E4B31 /* Main.storyboard */ = {
			isa = PBXVariantGroup;
			children = (
				A2BDDA1629695A34002E4B31 /* Base */,
			);
			name = Main.storyboard;
			sourceTree = "<group>";
		};
		A2BDDA1A29695A35002E4B31 /* LaunchScreen.storyboard */ = {
			isa = PBXVariantGroup;
			children = (
				A2BDDA1B29695A35002E4B31 /* Base */,
			);
			name = LaunchScreen.storyboard;
			sourceTree = "<group>";
		};
/* End PBXVariantGroup section */

/* Begin XCBuildConfiguration section */
		A2BDDA3429695A35002E4B31 /* Debug */ = {
			isa = XCBuildConfiguration;
			buildSettings = {
				ALWAYS_SEARCH_USER_PATHS = NO;
				CLANG_ANALYZER_NONNULL = YES;
				CLANG_ANALYZER_NUMBER_OBJECT_CONVERSION = YES_AGGRESSIVE;
				CLANG_CXX_LANGUAGE_STANDARD = "gnu++20";
				CLANG_ENABLE_MODULES = YES;
				CLANG_ENABLE_OBJC_ARC = YES;
				CLANG_ENABLE_OBJC_WEAK = YES;
				CLANG_WARN_BLOCK_CAPTURE_AUTORELEASING = YES;
				CLANG_WARN_BOOL_CONVERSION = YES;
				CLANG_WARN_COMMA = YES;
				CLANG_WARN_CONSTANT_CONVERSION = YES;
				CLANG_WARN_DEPRECATED_OBJC_IMPLEMENTATIONS = YES;
				CLANG_WARN_DIRECT_OBJC_ISA_USAGE = YES_ERROR;
				CLANG_WARN_DOCUMENTATION_COMMENTS = YES;
				CLANG_WARN_EMPTY_BODY = YES;
				CLANG_WARN_ENUM_CONVERSION = YES;
				CLANG_WARN_INFINITE_RECURSION = YES;
				CLANG_WARN_INT_CONVERSION = YES;
				CLANG_WARN_NON_LITERAL_NULL_CONVERSION = YES;
				CLANG_WARN_OBJC_IMPLICIT_RETAIN_SELF = YES;
				CLANG_WARN_OBJC_LITERAL_CONVERSION = YES;
				CLANG_WARN_OBJC_ROOT_CLASS = YES_ERROR;
				CLANG_WARN_QUOTED_INCLUDE_IN_FRAMEWORK_HEADER = YES;
				CLANG_WARN_RANGE_LOOP_ANALYSIS = YES;
				CLANG_WARN_STRICT_PROTOTYPES = YES;
				CLANG_WARN_SUSPICIOUS_MOVE = YES;
				CLANG_WARN_UNGUARDED_AVAILABILITY = YES_AGGRESSIVE;
				CLANG_WARN_UNREACHABLE_CODE = YES;
				CLANG_WARN__DUPLICATE_METHOD_MATCH = YES;
				COPY_PHASE_STRIP = NO;
				DEBUG_INFORMATION_FORMAT = dwarf;
				ENABLE_STRICT_OBJC_MSGSEND = YES;
				ENABLE_TESTABILITY = YES;
				GCC_C_LANGUAGE_STANDARD = gnu11;
				GCC_DYNAMIC_NO_PIC = NO;
				GCC_NO_COMMON_BLOCKS = YES;
				GCC_OPTIMIZATION_LEVEL = 0;
				GCC_PREPROCESSOR_DEFINITIONS = (
					"DEBUG=1",
					"$(inherited)",
				);
				GCC_WARN_64_TO_32_BIT_CONVERSION = YES;
				GCC_WARN_ABOUT_RETURN_TYPE = YES_ERROR;
				GCC_WARN_UNDECLARED_SELECTOR = YES;
				GCC_WARN_UNINITIALIZED_AUTOS = YES_AGGRESSIVE;
				GCC_WARN_UNUSED_FUNCTION = YES;
				GCC_WARN_UNUSED_VARIABLE = YES;
				IPHONEOS_DEPLOYMENT_TARGET = 15.0;
				MTL_ENABLE_DEBUG_INFO = INCLUDE_SOURCE;
				MTL_FAST_MATH = YES;
				ONLY_ACTIVE_ARCH = YES;
				SDKROOT = iphoneos;
				SWIFT_ACTIVE_COMPILATION_CONDITIONS = DEBUG;
				SWIFT_OPTIMIZATION_LEVEL = "-Onone";
			};
			name = Debug;
		};
		A2BDDA3529695A35002E4B31 /* Release */ = {
			isa = XCBuildConfiguration;
			buildSettings = {
				ALWAYS_SEARCH_USER_PATHS = NO;
				CLANG_ANALYZER_NONNULL = YES;
				CLANG_ANALYZER_NUMBER_OBJECT_CONVERSION = YES_AGGRESSIVE;
				CLANG_CXX_LANGUAGE_STANDARD = "gnu++20";
				CLANG_ENABLE_MODULES = YES;
				CLANG_ENABLE_OBJC_ARC = YES;
				CLANG_ENABLE_OBJC_WEAK = YES;
				CLANG_WARN_BLOCK_CAPTURE_AUTORELEASING = YES;
				CLANG_WARN_BOOL_CONVERSION = YES;
				CLANG_WARN_COMMA = YES;
				CLANG_WARN_CONSTANT_CONVERSION = YES;
				CLANG_WARN_DEPRECATED_OBJC_IMPLEMENTATIONS = YES;
				CLANG_WARN_DIRECT_OBJC_ISA_USAGE = YES_ERROR;
				CLANG_WARN_DOCUMENTATION_COMMENTS = YES;
				CLANG_WARN_EMPTY_BODY = YES;
				CLANG_WARN_ENUM_CONVERSION = YES;
				CLANG_WARN_INFINITE_RECURSION = YES;
				CLANG_WARN_INT_CONVERSION = YES;
				CLANG_WARN_NON_LITERAL_NULL_CONVERSION = YES;
				CLANG_WARN_OBJC_IMPLICIT_RETAIN_SELF = YES;
				CLANG_WARN_OBJC_LITERAL_CONVERSION = YES;
				CLANG_WARN_OBJC_ROOT_CLASS = YES_ERROR;
				CLANG_WARN_QUOTED_INCLUDE_IN_FRAMEWORK_HEADER = YES;
				CLANG_WARN_RANGE_LOOP_ANALYSIS = YES;
				CLANG_WARN_STRICT_PROTOTYPES = YES;
				CLANG_WARN_SUSPICIOUS_MOVE = YES;
				CLANG_WARN_UNGUARDED_AVAILABILITY = YES_AGGRESSIVE;
				CLANG_WARN_UNREACHABLE_CODE = YES;
				CLANG_WARN__DUPLICATE_METHOD_MATCH = YES;
				COPY_PHASE_STRIP = NO;
				DEBUG_INFORMATION_FORMAT = "dwarf-with-dsym";
				ENABLE_NS_ASSERTIONS = NO;
				ENABLE_STRICT_OBJC_MSGSEND = YES;
				GCC_C_LANGUAGE_STANDARD = gnu11;
				GCC_NO_COMMON_BLOCKS = YES;
				GCC_WARN_64_TO_32_BIT_CONVERSION = YES;
				GCC_WARN_ABOUT_RETURN_TYPE = YES_ERROR;
				GCC_WARN_UNDECLARED_SELECTOR = YES;
				GCC_WARN_UNINITIALIZED_AUTOS = YES_AGGRESSIVE;
				GCC_WARN_UNUSED_FUNCTION = YES;
				GCC_WARN_UNUSED_VARIABLE = YES;
				IPHONEOS_DEPLOYMENT_TARGET = 15.0;
				MTL_ENABLE_DEBUG_INFO = NO;
				MTL_FAST_MATH = YES;
				SDKROOT = iphoneos;
				SWIFT_COMPILATION_MODE = wholemodule;
				SWIFT_OPTIMIZATION_LEVEL = "-O";
				VALIDATE_PRODUCT = YES;
			};
			name = Release;
		};
		A2BDDA3729695A35002E4B31 /* Debug */ = {
			isa = XCBuildConfiguration;
			baseConfigurationReference = E515F5724661D15F0E407EF1 /* Pods-MVVM JobPlanet.debug.xcconfig */;
			buildSettings = {
				ASSETCATALOG_COMPILER_APPICON_NAME = AppIcon;
				ASSETCATALOG_COMPILER_GLOBAL_ACCENT_COLOR_NAME = AccentColor;
				CODE_SIGN_STYLE = Automatic;
				CURRENT_PROJECT_VERSION = 1;
				DEVELOPMENT_TEAM = 2D8WKJP7C4;
				GENERATE_INFOPLIST_FILE = YES;
				INFOPLIST_FILE = "MVVM JobPlanet/Info.plist";
				INFOPLIST_KEY_UIApplicationSupportsIndirectInputEvents = YES;
				INFOPLIST_KEY_UILaunchStoryboardName = LaunchScreen;
				INFOPLIST_KEY_UIMainStoryboardFile = Main;
				INFOPLIST_KEY_UISupportedInterfaceOrientations_iPad = "UIInterfaceOrientationPortrait UIInterfaceOrientationPortraitUpsideDown UIInterfaceOrientationLandscapeLeft UIInterfaceOrientationLandscapeRight";
				INFOPLIST_KEY_UISupportedInterfaceOrientations_iPhone = "UIInterfaceOrientationPortrait UIInterfaceOrientationLandscapeLeft UIInterfaceOrientationLandscapeRight";
				IPHONEOS_DEPLOYMENT_TARGET = 15.0;
				LD_RUNPATH_SEARCH_PATHS = (
					"$(inherited)",
					"@executable_path/Frameworks",
				);
				MARKETING_VERSION = 1.0;
				PRODUCT_BUNDLE_IDENTIFIER = "com.uk.MVVM-JobPlanet";
				PRODUCT_NAME = "$(TARGET_NAME)";
				SWIFT_EMIT_LOC_STRINGS = YES;
				SWIFT_VERSION = 5.0;
				TARGETED_DEVICE_FAMILY = "1,2";
			};
			name = Debug;
		};
		A2BDDA3829695A35002E4B31 /* Release */ = {
			isa = XCBuildConfiguration;
			baseConfigurationReference = DD6D772F8E888CD75BB6A39C /* Pods-MVVM JobPlanet.release.xcconfig */;
			buildSettings = {
				ASSETCATALOG_COMPILER_APPICON_NAME = AppIcon;
				ASSETCATALOG_COMPILER_GLOBAL_ACCENT_COLOR_NAME = AccentColor;
				CODE_SIGN_STYLE = Automatic;
				CURRENT_PROJECT_VERSION = 1;
				DEVELOPMENT_TEAM = 2D8WKJP7C4;
				GENERATE_INFOPLIST_FILE = YES;
				INFOPLIST_FILE = "MVVM JobPlanet/Info.plist";
				INFOPLIST_KEY_UIApplicationSupportsIndirectInputEvents = YES;
				INFOPLIST_KEY_UILaunchStoryboardName = LaunchScreen;
				INFOPLIST_KEY_UIMainStoryboardFile = Main;
				INFOPLIST_KEY_UISupportedInterfaceOrientations_iPad = "UIInterfaceOrientationPortrait UIInterfaceOrientationPortraitUpsideDown UIInterfaceOrientationLandscapeLeft UIInterfaceOrientationLandscapeRight";
				INFOPLIST_KEY_UISupportedInterfaceOrientations_iPhone = "UIInterfaceOrientationPortrait UIInterfaceOrientationLandscapeLeft UIInterfaceOrientationLandscapeRight";
				IPHONEOS_DEPLOYMENT_TARGET = 15.0;
				LD_RUNPATH_SEARCH_PATHS = (
					"$(inherited)",
					"@executable_path/Frameworks",
				);
				MARKETING_VERSION = 1.0;
				PRODUCT_BUNDLE_IDENTIFIER = "com.uk.MVVM-JobPlanet";
				PRODUCT_NAME = "$(TARGET_NAME)";
				SWIFT_EMIT_LOC_STRINGS = YES;
				SWIFT_VERSION = 5.0;
				TARGETED_DEVICE_FAMILY = "1,2";
			};
			name = Release;
		};
		A2BDDA3A29695A35002E4B31 /* Debug */ = {
			isa = XCBuildConfiguration;
			baseConfigurationReference = 5AD7FB9B24E4EC75712BA1CC /* Pods-MVVM JobPlanetTests.debug.xcconfig */;
			buildSettings = {
				ALWAYS_EMBED_SWIFT_STANDARD_LIBRARIES = YES;
				BUNDLE_LOADER = "$(TEST_HOST)";
				CODE_SIGN_STYLE = Automatic;
				CURRENT_PROJECT_VERSION = 1;
				DEVELOPMENT_TEAM = 2D8WKJP7C4;
				GENERATE_INFOPLIST_FILE = YES;
				IPHONEOS_DEPLOYMENT_TARGET = 16.0;
				MARKETING_VERSION = 1.0;
				PRODUCT_BUNDLE_IDENTIFIER = "com.uk.MVVM-JobPlanetTests";
				PRODUCT_NAME = "$(TARGET_NAME)";
				SWIFT_EMIT_LOC_STRINGS = NO;
				SWIFT_VERSION = 5.0;
				TARGETED_DEVICE_FAMILY = "1,2";
				TEST_HOST = "$(BUILT_PRODUCTS_DIR)/MVVM JobPlanet.app/$(BUNDLE_EXECUTABLE_FOLDER_PATH)/MVVM JobPlanet";
			};
			name = Debug;
		};
		A2BDDA3B29695A35002E4B31 /* Release */ = {
			isa = XCBuildConfiguration;
			baseConfigurationReference = 264944EFD2C02D0A2372E0F4 /* Pods-MVVM JobPlanetTests.release.xcconfig */;
			buildSettings = {
				ALWAYS_EMBED_SWIFT_STANDARD_LIBRARIES = YES;
				BUNDLE_LOADER = "$(TEST_HOST)";
				CODE_SIGN_STYLE = Automatic;
				CURRENT_PROJECT_VERSION = 1;
				DEVELOPMENT_TEAM = 2D8WKJP7C4;
				GENERATE_INFOPLIST_FILE = YES;
				IPHONEOS_DEPLOYMENT_TARGET = 16.0;
				MARKETING_VERSION = 1.0;
				PRODUCT_BUNDLE_IDENTIFIER = "com.uk.MVVM-JobPlanetTests";
				PRODUCT_NAME = "$(TARGET_NAME)";
				SWIFT_EMIT_LOC_STRINGS = NO;
				SWIFT_VERSION = 5.0;
				TARGETED_DEVICE_FAMILY = "1,2";
				TEST_HOST = "$(BUILT_PRODUCTS_DIR)/MVVM JobPlanet.app/$(BUNDLE_EXECUTABLE_FOLDER_PATH)/MVVM JobPlanet";
			};
			name = Release;
		};
		A2BDDA3D29695A35002E4B31 /* Debug */ = {
			isa = XCBuildConfiguration;
			baseConfigurationReference = 0BC24947278734C819A7D52B /* Pods-MVVM JobPlanetUITests.debug.xcconfig */;
			buildSettings = {
				ALWAYS_EMBED_SWIFT_STANDARD_LIBRARIES = YES;
				CODE_SIGN_STYLE = Automatic;
				CURRENT_PROJECT_VERSION = 1;
				DEVELOPMENT_TEAM = 2D8WKJP7C4;
				GENERATE_INFOPLIST_FILE = YES;
				MARKETING_VERSION = 1.0;
				PRODUCT_BUNDLE_IDENTIFIER = "com.uk.MVVM-JobPlanetUITests";
				PRODUCT_NAME = "$(TARGET_NAME)";
				SWIFT_EMIT_LOC_STRINGS = NO;
				SWIFT_VERSION = 5.0;
				TARGETED_DEVICE_FAMILY = "1,2";
				TEST_TARGET_NAME = "MVVM JobPlanet";
			};
			name = Debug;
		};
		A2BDDA3E29695A35002E4B31 /* Release */ = {
			isa = XCBuildConfiguration;
			baseConfigurationReference = 69D2243BEE34E222A46D8584 /* Pods-MVVM JobPlanetUITests.release.xcconfig */;
			buildSettings = {
				ALWAYS_EMBED_SWIFT_STANDARD_LIBRARIES = YES;
				CODE_SIGN_STYLE = Automatic;
				CURRENT_PROJECT_VERSION = 1;
				DEVELOPMENT_TEAM = 2D8WKJP7C4;
				GENERATE_INFOPLIST_FILE = YES;
				MARKETING_VERSION = 1.0;
				PRODUCT_BUNDLE_IDENTIFIER = "com.uk.MVVM-JobPlanetUITests";
				PRODUCT_NAME = "$(TARGET_NAME)";
				SWIFT_EMIT_LOC_STRINGS = NO;
				SWIFT_VERSION = 5.0;
				TARGETED_DEVICE_FAMILY = "1,2";
				TEST_TARGET_NAME = "MVVM JobPlanet";
			};
			name = Release;
		};
/* End XCBuildConfiguration section */

/* Begin XCConfigurationList section */
		A2BDDA0729695A34002E4B31 /* Build configuration list for PBXProject "MVVM JobPlanet" */ = {
			isa = XCConfigurationList;
			buildConfigurations = (
				A2BDDA3429695A35002E4B31 /* Debug */,
				A2BDDA3529695A35002E4B31 /* Release */,
			);
			defaultConfigurationIsVisible = 0;
			defaultConfigurationName = Release;
		};
		A2BDDA3629695A35002E4B31 /* Build configuration list for PBXNativeTarget "MVVM JobPlanet" */ = {
			isa = XCConfigurationList;
			buildConfigurations = (
				A2BDDA3729695A35002E4B31 /* Debug */,
				A2BDDA3829695A35002E4B31 /* Release */,
			);
			defaultConfigurationIsVisible = 0;
			defaultConfigurationName = Release;
		};
		A2BDDA3929695A35002E4B31 /* Build configuration list for PBXNativeTarget "MVVM JobPlanetTests" */ = {
			isa = XCConfigurationList;
			buildConfigurations = (
				A2BDDA3A29695A35002E4B31 /* Debug */,
				A2BDDA3B29695A35002E4B31 /* Release */,
			);
			defaultConfigurationIsVisible = 0;
			defaultConfigurationName = Release;
		};
		A2BDDA3C29695A35002E4B31 /* Build configuration list for PBXNativeTarget "MVVM JobPlanetUITests" */ = {
			isa = XCConfigurationList;
			buildConfigurations = (
				A2BDDA3D29695A35002E4B31 /* Debug */,
				A2BDDA3E29695A35002E4B31 /* Release */,
			);
			defaultConfigurationIsVisible = 0;
			defaultConfigurationName = Release;
		};
/* End XCConfigurationList section */
	};
	rootObject = A2BDDA0429695A34002E4B31 /* Project object */;
}
